{
  "name": "node-starter",
  "version": "0.0.0",
  "lockfileVersion": 3,
  "requires": true,
  "packages": {
    "": {
      "name": "node-starter",
      "version": "0.0.0",
      "dependencies": {
        "pdfjs-dist": "4.9.124"
      }
    },
    "node_modules/@napi-rs/canvas": {
      "version": "0.1.64",
      "resolved": "https://registry.npmjs.org/@napi-rs/canvas/-/canvas-0.1.64.tgz",
      "integrity": "sha512-GjvaYebjPsnvGxBsUJxW2Bh1Di9kVifWZ+LLeQEI7se4SD5Ts7GRpdLXhKM05wA4GB9reClFLRd4lUoFMcTMxw==",
      "license": "MIT",
      "optional": true,
      "engines": {
        "node": ">= 10"
      },
      "optionalDependencies": {
        "@napi-rs/canvas-android-arm64": "0.1.64",
        "@napi-rs/canvas-darwin-arm64": "0.1.64",
        "@napi-rs/canvas-darwin-x64": "0.1.64",
        "@napi-rs/canvas-linux-arm-gnueabihf": "0.1.64",
        "@napi-rs/canvas-linux-arm64-gnu": "0.1.64",
        "@napi-rs/canvas-linux-arm64-musl": "0.1.64",
        "@napi-rs/canvas-linux-riscv64-gnu": "0.1.64",
        "@napi-rs/canvas-linux-x64-gnu": "0.1.64",
        "@napi-rs/canvas-linux-x64-musl": "0.1.64",
        "@napi-rs/canvas-win32-x64-msvc": "0.1.64"
      }
    },
    "node_modules/@napi-rs/canvas-android-arm64": {
      "version": "0.1.64",
      "resolved": "https://registry.npmjs.org/@napi-rs/canvas-android-arm64/-/canvas-android-arm64-0.1.64.tgz",
      "integrity": "sha512-kyS1b0lt3Nj6QDci8mHTjLA782OpUz5+yiDzsXeOOdqPgiKuDX6ff228gJcZ5/vEOf40rvxar9cYArsTeSuhqQ==",
      "cpu": [
        "arm64"
      ],
      "license": "MIT",
      "optional": true,
      "os": [
        "android"
      ],
      "engines": {
        "node": ">= 10"
      }
    },
    "node_modules/@napi-rs/canvas-darwin-arm64": {
      "version": "0.1.64",
      "resolved": "https://registry.npmjs.org/@napi-rs/canvas-darwin-arm64/-/canvas-darwin-arm64-0.1.64.tgz",
      "integrity": "sha512-FiXkDoQcTaKWU5ZavEpyYTB+gwLtML/KMnYBi/t5gQGbEC5sOM16S4UtQNAb5zraam0/75wqFyVbgIt3H5JbWg==",
      "cpu": [
        "arm64"
      ],
      "license": "MIT",
      "optional": true,
      "os": [
        "darwin"
      ],
      "engines": {
        "node": ">= 10"
      }
    },
    "node_modules/@napi-rs/canvas-darwin-x64": {
      "version": "0.1.64",
      "resolved": "https://registry.npmjs.org/@napi-rs/canvas-darwin-x64/-/canvas-darwin-x64-0.1.64.tgz",
      "integrity": "sha512-TobMkHfS93VBdZclq7V82tnbYT7+swKe4rhuRtIAi+HolIPhKkoZP6mUthl841Sfsuo0f2o6ZJxn+Y6DWmZ3Tg==",
      "cpu": [
        "x64"
      ],
      "license": "MIT",
      "optional": true,
      "os": [
        "darwin"
      ],
      "engines": {
        "node": ">= 10"
      }
    },
    "node_modules/@napi-rs/canvas-linux-arm-gnueabihf": {
      "version": "0.1.64",
      "resolved": "https://registry.npmjs.org/@napi-rs/canvas-linux-arm-gnueabihf/-/canvas-linux-arm-gnueabihf-0.1.64.tgz",
      "integrity": "sha512-Zs4+wQpLMjsIvC1sC0+HeYsMGrNtqkhgEMdIHEA5yWLaGmLlsiiqJ+ZZKasynHLklWFfV6ywkfhPTLs2n80tlQ==",
      "cpu": [
        "arm"
      ],
      "license": "MIT",
      "optional": true,
      "os": [
        "linux"
      ],
      "engines": {
        "node": ">= 10"
      }
    },
    "node_modules/@napi-rs/canvas-linux-arm64-gnu": {
      "version": "0.1.64",
      "resolved": "https://registry.npmjs.org/@napi-rs/canvas-linux-arm64-gnu/-/canvas-linux-arm64-gnu-0.1.64.tgz",
      "integrity": "sha512-AaE2LU42iASw5PE8UdJ/GxAHfN2nKvnwgDL9rR+JzsN19fl4Av8R2VlnBBKVKGJekeqlAN+J+9oIFIGvKUpkpA==",
      "cpu": [
        "arm64"
      ],
      "license": "MIT",
      "optional": true,
      "os": [
        "linux"
      ],
      "engines": {
        "node": ">= 10"
      }
    },
    "node_modules/@napi-rs/canvas-linux-arm64-musl": {
      "version": "0.1.64",
      "resolved": "https://registry.npmjs.org/@napi-rs/canvas-linux-arm64-musl/-/canvas-linux-arm64-musl-0.1.64.tgz",
      "integrity": "sha512-EcScvyDfBaP44pfrRxDAmv/NKo7CAM34a5HVo6xSPAlLhLaOWTcMJrlZc14Sx105Q46u2myH1DcTtVsFO9XRfg==",
      "cpu": [
        "arm64"
      ],
      "license": "MIT",
      "optional": true,
      "os": [
        "linux"
      ],
      "engines": {
        "node": ">= 10"
      }
    },
    "node_modules/@napi-rs/canvas-linux-riscv64-gnu": {
      "version": "0.1.64",
      "resolved": "https://registry.npmjs.org/@napi-rs/canvas-linux-riscv64-gnu/-/canvas-linux-riscv64-gnu-0.1.64.tgz",
      "integrity": "sha512-XlqIGfNxV3JF4+mzn+BVxCsKeYGHhYnHo5m8COn012iEri0UXU65VSgMVbAa+78neu9bXoBWT0fUI2TrnV+u1Q==",
      "cpu": [
        "riscv64"
      ],
      "license": "MIT",
      "optional": true,
      "os": [
        "linux"
      ],
      "engines": {
        "node": ">= 10"
      }
    },
    "node_modules/@napi-rs/canvas-linux-x64-gnu": {
      "version": "0.1.64",
      "resolved": "https://registry.npmjs.org/@napi-rs/canvas-linux-x64-gnu/-/canvas-linux-x64-gnu-0.1.64.tgz",
      "integrity": "sha512-TuVeg6ISOV/NmAYE7Gg5/lyE/SW3a2Unrd+3kTVcI76LHfZwZcdPaNaU9GKJLLv1O5/zMcgK/lJmYOpI+JU4NQ==",
      "cpu": [
        "x64"
      ],
      "license": "MIT",
      "optional": true,
      "os": [
        "linux"
      ],
      "engines": {
        "node": ">= 10"
      }
    },
    "node_modules/@napi-rs/canvas-linux-x64-musl": {
      "version": "0.1.64",
      "resolved": "https://registry.npmjs.org/@napi-rs/canvas-linux-x64-musl/-/canvas-linux-x64-musl-0.1.64.tgz",
      "integrity": "sha512-JwfHdmSIRPlP+u8xglfxcqYfpjg6k/HROBKjeA5eSNCHUiSdH/HStyieAkMInyNjbqVL0FwTgLLNWW16fqTq8w==",
      "cpu": [
        "x64"
      ],
      "license": "MIT",
      "optional": true,
      "os": [
        "linux"
      ],
      "engines": {
        "node": ">= 10"
      }
    },
    "node_modules/@napi-rs/canvas-win32-x64-msvc": {
      "version": "0.1.64",
      "resolved": "https://registry.npmjs.org/@napi-rs/canvas-win32-x64-msvc/-/canvas-win32-x64-msvc-0.1.64.tgz",
      "integrity": "sha512-iVrrc+Ob9yNJ6yPeMRympLOszg2JvV6DaSostBbAs714eaQ/+i5b6dTI0QRdb/JWpm95CQ7SM/kOPZJZv7Rfjw==",
      "cpu": [
        "x64"
      ],
      "license": "MIT",
      "optional": true,
      "os": [
        "win32"
      ],
      "engines": {
        "node": ">= 10"
      }
    },
    "node_modules/pdfjs-dist": {
      "version": "4.9.124",
      "resolved": "https://registry.npmjs.org/pdfjs-dist/-/pdfjs-dist-4.9.124.tgz",
      "integrity": "sha512-yAoM7C+IYIG23dAZHE2KqtE5exEj067Ef6oblb+AHiqLwTJSQOMB+e8ftBA3pp1+6TyE4xeofoHcu9t7XaOE0g==",
      "license": "Apache-2.0",
      "engines": {
        "node": ">=20"
      },
      "optionalDependencies": {
        "@napi-rs/canvas": "^0.1.64"
      }
    }
  }
}
